
Microsoft Visual Studio Solution File, Format Version 12.00
# Visual Studio Version 16
VisualStudioVersion = 16.0.30114.105
MinimumVisualStudioVersion = 10.0.40219.1
Project("{FAE04EC0-301F-11D3-BF4B-00C04F79EFBC}") = "TPNro6", "TPNro6\TPNro6.csproj", "{DEFCDDE1-340A-4D6D-B8B9-EF5C2F0B2980}"
EndProject
Global
	GlobalSection(SolutionConfigurationPlatforms) = preSolution
		Debug|Any CPU = Debug|Any CPU
		Release|Any CPU = Release|Any CPU
	EndGlobalSection
	GlobalSection(ProjectConfigurationPlatforms) = postSolution
		{DEFCDDE1-340A-4D6D-B8B9-EF5C2F0B2980}.Debug|Any CPU.ActiveCfg = Debug|Any CPU
		{DEFCDDE1-340A-4D6D-B8B9-EF5C2F0B2980}.Debug|Any CPU.Build.0 = Debug|Any CPU
		{DEFCDDE1-340A-4D6D-B8B9-EF5C2F0B2980}.Release|Any CPU.ActiveCfg = Release|Any CPU
		{DEFCDDE1-340A-4D6D-B8B9-EF5C2F0B2980}.Release|Any CPU.Build.0 = Release|Any CPU
	EndGlobalSection
	GlobalSection(SolutionProperties) = preSolution
		HideSolutionNode = FALSE
	EndGlobalSection
	GlobalSection(ExtensibilityGlobals) = postSolution
		SolutionGuid = {2F48E35D-C594-4522-9D05-ABF7D0ADE2C4}
	EndGlobalSection
EndGlobal
